
Microsoft Visual Studio Solution File, Format Version 12.00
# Visual Studio Version 17
VisualStudioVersion = 17.5.002.0
MinimumVisualStudioVersion = 10.0.40219.1
Project("{9A19103F-16F7-4668-BE54-9A1E7A4F7556}") = "src", "src\src.csproj", "{B2D8FA91-0219-4BA0-A96A-694CE160690A}"
EndProject
Global
	GlobalSection(SolutionConfigurationPlatforms) = preSolution
		Debug|Any CPU = Debug|Any CPU
		Release|Any CPU = Release|Any CPU
	EndGlobalSection
	GlobalSection(ProjectConfigurationPlatforms) = postSolution
		{B2D8FA91-0219-4BA0-A96A-694CE160690A}.Debug|Any CPU.ActiveCfg = Debug|Any CPU
		{B2D8FA91-0219-4BA0-A96A-694CE160690A}.Debug|Any CPU.Build.0 = Debug|Any CPU
		{B2D8FA91-0219-4BA0-A96A-694CE160690A}.Release|Any CPU.ActiveCfg = Release|Any CPU
		{B2D8FA91-0219-4BA0-A96A-694CE160690A}.Release|Any CPU.Build.0 = Release|Any CPU
	EndGlobalSection
	GlobalSection(SolutionProperties) = preSolution
		HideSolutionNode = FALSE
	EndGlobalSection
	GlobalSection(ExtensibilityGlobals) = postSolution
		SolutionGuid = {F9BAE55E-678E-4FD1-9EA5-BB2EE801134D}
	EndGlobalSection
EndGlobal
